// !$*UTF8*$!
{
	archiveVersion = 1;
	classes = {
	};
	objectVersion = 48;
	objects = {

/* Begin PBXBuildFile section */
		FA4FBF0D1EE77E06009F0324 /* airport.jpg in Resources */ = {isa = PBXBuildFile; fileRef = FA4FBF051EE77E06009F0324 /* airport.jpg */; };
		FA4FBF0E1EE77E06009F0324 /* desert.jpg in Resources */ = {isa = PBXBuildFile; fileRef = FA4FBF061EE77E06009F0324 /* desert.jpg */; };
		FA4FBF0F1EE77E06009F0324 /* forrest.JPG in Resources */ = {isa = PBXBuildFile; fileRef = FA4FBF071EE77E06009F0324 /* forrest.JPG */; };
		FA4FBF101EE77E06009F0324 /* mountain-low-res.jpg in Resources */ = {isa = PBXBuildFile; fileRef = FA4FBF081EE77E06009F0324 /* mountain-low-res.jpg */; };
		FA4FBF111EE77E06009F0324 /* mountain.jpg in Resources */ = {isa = PBXBuildFile; fileRef = FA4FBF091EE77E06009F0324 /* mountain.jpg */; };
		FA4FBF121EE77E06009F0324 /* stairs-low-res.jpg in Resources */ = {isa = PBXBuildFile; fileRef = FA4FBF0A1EE77E06009F0324 /* stairs-low-res.jpg */; };
		FA4FBF131EE77E06009F0324 /* stairs.jpg in Resources */ = {isa = PBXBuildFile; fileRef = FA4FBF0B1EE77E06009F0324 /* stairs.jpg */; };
		FA4FBF141EE77E06009F0324 /* sun.jpg in Resources */ = {isa = PBXBuildFile; fileRef = FA4FBF0C1EE77E06009F0324 /* sun.jpg */; };
		FA5A333F1EE77C0B00D80EF1 /* GoogLeNetPlaces.mlmodel in Sources */ = {isa = PBXBuildFile; fileRef = FA5A333E1EE77C0B00D80EF1 /* GoogLeNetPlaces.mlmodel */; };
		FA80B31B1EE754EF0049D8DE /* AppDelegate.swift in Sources */ = {isa = PBXBuildFile; fileRef = FA80B31A1EE754EF0049D8DE /* AppDelegate.swift */; };
		FA80B31D1EE754EF0049D8DE /* ViewController.swift in Sources */ = {isa = PBXBuildFile; fileRef = FA80B31C1EE754EF0049D8DE /* ViewController.swift */; };
		FA80B3201EE754EF0049D8DE /* Main.storyboard in Resources */ = {isa = PBXBuildFile; fileRef = FA80B31E1EE754EF0049D8DE /* Main.storyboard */; };
		FA80B3221EE754EF0049D8DE /* Assets.xcassets in Resources */ = {isa = PBXBuildFile; fileRef = FA80B3211EE754EF0049D8DE /* Assets.xcassets */; };
		FA80B3251EE754EF0049D8DE /* LaunchScreen.storyboard in Resources */ = {isa = PBXBuildFile; fileRef = FA80B3231EE754EF0049D8DE /* LaunchScreen.storyboard */; };
		FADDD42C1EE8134800EF604C /* README.md in Sources */ = {isa = PBXBuildFile; fileRef = FADDD42B1EE8134800EF604C /* README.md */; };
/* End PBXBuildFile section */

/* Begin PBXFileReference section */
		FA4FBF051EE77E06009F0324 /* airport.jpg */ = {isa = PBXFileReference; lastKnownFileType = image.jpeg; path = airport.jpg; sourceTree = "<group>"; };
		FA4FBF061EE77E06009F0324 /* desert.jpg */ = {isa = PBXFileReference; lastKnownFileType = image.jpeg; path = desert.jpg; sourceTree = "<group>"; };
		FA4FBF071EE77E06009F0324 /* forrest.JPG */ = {isa = PBXFileReference; lastKnownFileType = image.jpeg; path = forrest.JPG; sourceTree = "<group>"; };
		FA4FBF081EE77E06009F0324 /* mountain-low-res.jpg */ = {isa = PBXFileReference; lastKnownFileType = image.jpeg; path = "mountain-low-res.jpg"; sourceTree = "<group>"; };
		FA4FBF091EE77E06009F0324 /* mountain.jpg */ = {isa = PBXFileReference; lastKnownFileType = image.jpeg; path = mountain.jpg; sourceTree = "<group>"; };
		FA4FBF0A1EE77E06009F0324 /* stairs-low-res.jpg */ = {isa = PBXFileReference; lastKnownFileType = image.jpeg; path = "stairs-low-res.jpg"; sourceTree = "<group>"; };
		FA4FBF0B1EE77E06009F0324 /* stairs.jpg */ = {isa = PBXFileReference; lastKnownFileType = image.jpeg; path = stairs.jpg; sourceTree = "<group>"; };
		FA4FBF0C1EE77E06009F0324 /* sun.jpg */ = {isa = PBXFileReference; lastKnownFileType = image.jpeg; path = sun.jpg; sourceTree = "<group>"; };
		FA5A333E1EE77C0B00D80EF1 /* GoogLeNetPlaces.mlmodel */ = {isa = PBXFileReference; lastKnownFileType = file.mlmodel; path = GoogLeNetPlaces.mlmodel; sourceTree = "<group>"; };
		FA80B3171EE754EF0049D8DE /* MLTest.app */ = {isa = PBXFileReference; explicitFileType = wrapper.application; includeInIndex = 0; path = MLTest.app; sourceTree = BUILT_PRODUCTS_DIR; };
		FA80B31A1EE754EF0049D8DE /* AppDelegate.swift */ = {isa = PBXFileReference; lastKnownFileType = sourcecode.swift; path = AppDelegate.swift; sourceTree = "<group>"; };
		FA80B31C1EE754EF0049D8DE /* ViewController.swift */ = {isa = PBXFileReference; lastKnownFileType = sourcecode.swift; path = ViewController.swift; sourceTree = "<group>"; };
		FA80B31F1EE754EF0049D8DE /* Base */ = {isa = PBXFileReference; lastKnownFileType = file.storyboard; name = Base; path = Base.lproj/Main.storyboard; sourceTree = "<group>"; };
		FA80B3211EE754EF0049D8DE /* Assets.xcassets */ = {isa = PBXFileReference; lastKnownFileType = folder.assetcatalog; path = Assets.xcassets; sourceTree = "<group>"; };
		FA80B3241EE754EF0049D8DE /* Base */ = {isa = PBXFileReference; lastKnownFileType = file.storyboard; name = Base; path = Base.lproj/LaunchScreen.storyboard; sourceTree = "<group>"; };
		FA80B3261EE754EF0049D8DE /* Info.plist */ = {isa = PBXFileReference; lastKnownFileType = text.plist.xml; path = Info.plist; sourceTree = "<group>"; };
		FADDD42B1EE8134800EF604C /* README.md */ = {isa = PBXFileReference; fileEncoding = 4; lastKnownFileType = net.daringfireball.markdown; path = README.md; sourceTree = SOURCE_ROOT; };
/* End PBXFileReference section */

/* Begin PBXFrameworksBuildPhase section */
		FA80B3141EE754EF0049D8DE /* Frameworks */ = {
			isa = PBXFrameworksBuildPhase;
			buildActionMask = 2147483647;
			files = (
			);
			runOnlyForDeploymentPostprocessing = 0;
		};
/* End PBXFrameworksBuildPhase section */

/* Begin PBXGroup section */
		FA80B30E1EE754EF0049D8DE = {
			isa = PBXGroup;
			children = (
				FA80B3191EE754EF0049D8DE /* MLTest */,
				FA80B3181EE754EF0049D8DE /* Products */,
			);
			sourceTree = "<group>";
		};
		FA80B3181EE754EF0049D8DE /* Products */ = {
			isa = PBXGroup;
			children = (
				FA80B3171EE754EF0049D8DE /* MLTest.app */,
			);
			name = Products;
			sourceTree = "<group>";
		};
		FA80B3191EE754EF0049D8DE /* MLTest */ = {
			isa = PBXGroup;
			children = (
				FADDD42B1EE8134800EF604C /* README.md */,
				FA4FBF051EE77E06009F0324 /* airport.jpg */,
				FA4FBF061EE77E06009F0324 /* desert.jpg */,
				FA4FBF071EE77E06009F0324 /* forrest.JPG */,
				FA4FBF081EE77E06009F0324 /* mountain-low-res.jpg */,
				FA4FBF091EE77E06009F0324 /* mountain.jpg */,
				FA4FBF0A1EE77E06009F0324 /* stairs-low-res.jpg */,
				FA4FBF0B1EE77E06009F0324 /* stairs.jpg */,
				FA4FBF0C1EE77E06009F0324 /* sun.jpg */,
				FA5A333E1EE77C0B00D80EF1 /* GoogLeNetPlaces.mlmodel */,
				FA80B31A1EE754EF0049D8DE /* AppDelegate.swift */,
				FA80B31C1EE754EF0049D8DE /* ViewController.swift */,
				FA80B31E1EE754EF0049D8DE /* Main.storyboard */,
				FA80B3211EE754EF0049D8DE /* Assets.xcassets */,
				FA80B3231EE754EF0049D8DE /* LaunchScreen.storyboard */,
				FA80B3261EE754EF0049D8DE /* Info.plist */,
			);
			path = MLTest;
			sourceTree = "<group>";
		};
/* End PBXGroup section */

/* Begin PBXNativeTarget section */
		FA80B3161EE754EF0049D8DE /* MLTest */ = {
			isa = PBXNativeTarget;
			buildConfigurationList = FA80B3291EE754EF0049D8DE /* Build configuration list for PBXNativeTarget "MLTest" */;
			buildPhases = (
				FA80B3131EE754EF0049D8DE /* Sources */,
				FA80B3141EE754EF0049D8DE /* Frameworks */,
				FA80B3151EE754EF0049D8DE /* Resources */,
			);
			buildRules = (
			);
			dependencies = (
			);
			name = MLTest;
			productName = MLTest;
			productReference = FA80B3171EE754EF0049D8DE /* MLTest.app */;
			productType = "com.apple.product-type.application";
		};
/* End PBXNativeTarget section */

/* Begin PBXProject section */
		FA80B30F1EE754EF0049D8DE /* Project object */ = {
			isa = PBXProject;
			attributes = {
				LastSwiftUpdateCheck = 0900;
				LastUpgradeCheck = 0900;
				ORGANIZATIONNAME = "Conifer Apps";
				TargetAttributes = {
					FA80B3161EE754EF0049D8DE = {
						CreatedOnToolsVersion = 9.0;
					};
				};
			};
			buildConfigurationList = FA80B3121EE754EF0049D8DE /* Build configuration list for PBXProject "MLTest" */;
			compatibilityVersion = "Xcode 8.0";
			developmentRegion = en;
			hasScannedForEncodings = 0;
			knownRegions = (
				en,
				Base,
			);
			mainGroup = FA80B30E1EE754EF0049D8DE;
			productRefGroup = FA80B3181EE754EF0049D8DE /* Products */;
			projectDirPath = "";
			projectRoot = "";
			targets = (
				FA80B3161EE754EF0049D8DE /* MLTest */,
			);
		};
/* End PBXProject section */

/* Begin PBXResourcesBuildPhase section */
		FA80B3151EE754EF0049D8DE /* Resources */ = {
			isa = PBXResourcesBuildPhase;
			buildActionMask = 2147483647;
			files = (
				FA80B3251EE754EF0049D8DE /* LaunchScreen.storyboard in Resources */,
				FA4FBF141EE77E06009F0324 /* sun.jpg in Resources */,
				FA80B3221EE754EF0049D8DE /* Assets.xcassets in Resources */,
				FA4FBF0E1EE77E06009F0324 /* desert.jpg in Resources */,
				FA4FBF121EE77E06009F0324 /* stairs-low-res.jpg in Resources */,
				FA4FBF0F1EE77E06009F0324 /* forrest.JPG in Resources */,
				FA80B3201EE754EF0049D8DE /* Main.storyboard in Resources */,
				FA4FBF101EE77E06009F0324 /* mountain-low-res.jpg in Resources */,
				FA4FBF111EE77E06009F0324 /* mountain.jpg in Resources */,
				FA4FBF0D1EE77E06009F0324 /* airport.jpg in Resources */,
				FA4FBF131EE77E06009F0324 /* stairs.jpg in Resources */,
			);
			runOnlyForDeploymentPostprocessing = 0;
		};
/* End PBXResourcesBuildPhase section */

/* Begin PBXSourcesBuildPhase section */
		FA80B3131EE754EF0049D8DE /* Sources */ = {
			isa = PBXSourcesBuildPhase;
			buildActionMask = 2147483647;
			files = (
				FA80B31D1EE754EF0049D8DE /* ViewController.swift in Sources */,
				FA80B31B1EE754EF0049D8DE /* AppDelegate.swift in Sources */,
				FADDD42C1EE8134800EF604C /* README.md in Sources */,
				FA5A333F1EE77C0B00D80EF1 /* GoogLeNetPlaces.mlmodel in Sources */,
			);
			runOnlyForDeploymentPostprocessing = 0;
		};
/* End PBXSourcesBuildPhase section */

/* Begin PBXVariantGroup section */
		FA80B31E1EE754EF0049D8DE /* Main.storyboard */ = {
			isa = PBXVariantGroup;
			children = (
				FA80B31F1EE754EF0049D8DE /* Base */,
			);
			name = Main.storyboard;
			sourceTree = "<group>";
		};
		FA80B3231EE754EF0049D8DE /* LaunchScreen.storyboard */ = {
			isa = PBXVariantGroup;
			children = (
				FA80B3241EE754EF0049D8DE /* Base */,
			);
			name = LaunchScreen.storyboard;
			sourceTree = "<group>";
		};
/* End PBXVariantGroup section */

/* Begin XCBuildConfiguration section */
		FA80B3271EE754EF0049D8DE /* Debug */ = {
			isa = XCBuildConfiguration;
			buildSettings = {
				ALWAYS_SEARCH_USER_PATHS = NO;
				CLANG_ANALYZER_NONNULL = YES;
				CLANG_ANALYZER_NUMBER_OBJECT_CONVERSION = YES_AGGRESSIVE;
				CLANG_CXX_LANGUAGE_STANDARD = "gnu++14";
				CLANG_CXX_LIBRARY = "libc++";
				CLANG_ENABLE_MODULES = YES;
				CLANG_ENABLE_OBJC_ARC = YES;
				CLANG_WARN_BLOCK_CAPTURE_AUTORELEASING = YES;
				CLANG_WARN_BOOL_CONVERSION = YES;
				CLANG_WARN_COMMA = YES;
				CLANG_WARN_CONSTANT_CONVERSION = YES;
				CLANG_WARN_DIRECT_OBJC_ISA_USAGE = YES_ERROR;
				CLANG_WARN_DOCUMENTATION_COMMENTS = YES;
				CLANG_WARN_EMPTY_BODY = YES;
				CLANG_WARN_ENUM_CONVERSION = YES;
				CLANG_WARN_INFINITE_RECURSION = YES;
				CLANG_WARN_INT_CONVERSION = YES;
				CLANG_WARN_OBJC_ROOT_CLASS = YES_ERROR;
				CLANG_WARN_RANGE_LOOP_ANALYSIS = YES;
				CLANG_WARN_STRICT_PROTOTYPES = YES;
				CLANG_WARN_SUSPICIOUS_MOVE = YES;
				CLANG_WARN_UNGUARDED_AVAILABILITY = YES_AGGRESSIVE;
				CLANG_WARN_UNREACHABLE_CODE = YES;
				CLANG_WARN__DUPLICATE_METHOD_MATCH = YES;
				CODE_SIGN_IDENTITY = "iPhone Developer";
				COPY_PHASE_STRIP = NO;
				DEBUG_INFORMATION_FORMAT = dwarf;
				ENABLE_STRICT_OBJC_MSGSEND = YES;
				ENABLE_TESTABILITY = YES;
				GCC_C_LANGUAGE_STANDARD = gnu11;
				GCC_DYNAMIC_NO_PIC = NO;
				GCC_NO_COMMON_BLOCKS = YES;
				GCC_OPTIMIZATION_LEVEL = 0;
				GCC_PREPROCESSOR_DEFINITIONS = (
					"DEBUG=1",
					"$(inherited)",
				);
				GCC_WARN_64_TO_32_BIT_CONVERSION = YES;
				GCC_WARN_ABOUT_RETURN_TYPE = YES_ERROR;
				GCC_WARN_UNDECLARED_SELECTOR = YES;
				GCC_WARN_UNINITIALIZED_AUTOS = YES_AGGRESSIVE;
				GCC_WARN_UNUSED_FUNCTION = YES;
				GCC_WARN_UNUSED_VARIABLE = YES;
				IPHONEOS_DEPLOYMENT_TARGET = 11.0;
				MTL_ENABLE_DEBUG_INFO = YES;
				ONLY_ACTIVE_ARCH = YES;
				SDKROOT = iphoneos;
				SWIFT_ACTIVE_COMPILATION_CONDITIONS = DEBUG;
				SWIFT_OPTIMIZATION_LEVEL = "-Onone";
			};
			name = Debug;
		};
		FA80B3281EE754EF0049D8DE /* Release */ = {
			isa = XCBuildConfiguration;
			buildSettings = {
				ALWAYS_SEARCH_USER_PATHS = NO;
				CLANG_ANALYZER_NONNULL = YES;
				CLANG_ANALYZER_NUMBER_OBJECT_CONVERSION = YES_AGGRESSIVE;
				CLANG_CXX_LANGUAGE_STANDARD = "gnu++14";
				CLANG_CXX_LIBRARY = "libc++";
				CLANG_ENABLE_MODULES = YES;
				CLANG_ENABLE_OBJC_ARC = YES;
				CLANG_WARN_BLOCK_CAPTURE_AUTORELEASING = YES;
				CLANG_WARN_BOOL_CONVERSION = YES;
				CLANG_WARN_COMMA = YES;
				CLANG_WARN_CONSTANT_CONVERSION = YES;
				CLANG_WARN_DIRECT_OBJC_ISA_USAGE = YES_ERROR;
				CLANG_WARN_DOCUMENTATION_COMMENTS = YES;
				CLANG_WARN_EMPTY_BODY = YES;
				CLANG_WARN_ENUM_CONVERSION = YES;
				CLANG_WARN_INFINITE_RECURSION = YES;
				CLANG_WARN_INT_CONVERSION = YES;
				CLANG_WARN_OBJC_ROOT_CLASS = YES_ERROR;
				CLANG_WARN_RANGE_LOOP_ANALYSIS = YES;
				CLANG_WARN_STRICT_PROTOTYPES = YES;
				CLANG_WARN_SUSPICIOUS_MOVE = YES;
				CLANG_WARN_UNGUARDED_AVAILABILITY = YES_AGGRESSIVE;
				CLANG_WARN_UNREACHABLE_CODE = YES;
				CLANG_WARN__DUPLICATE_METHOD_MATCH = YES;
				CODE_SIGN_IDENTITY = "iPhone Developer";
				COPY_PHASE_STRIP = NO;
				DEBUG_INFORMATION_FORMAT = "dwarf-with-dsym";
				ENABLE_NS_ASSERTIONS = NO;
				ENABLE_STRICT_OBJC_MSGSEND = YES;
				GCC_C_LANGUAGE_STANDARD = gnu11;
				GCC_NO_COMMON_BLOCKS = YES;
				GCC_WARN_64_TO_32_BIT_CONVERSION = YES;
				GCC_WARN_ABOUT_RETURN_TYPE = YES_ERROR;
				GCC_WARN_UNDECLARED_SELECTOR = YES;
				GCC_WARN_UNINITIALIZED_AUTOS = YES_AGGRESSIVE;
				GCC_WARN_UNUSED_FUNCTION = YES;
				GCC_WARN_UNUSED_VARIABLE = YES;
				IPHONEOS_DEPLOYMENT_TARGET = 11.0;
				MTL_ENABLE_DEBUG_INFO = NO;
				SDKROOT = iphoneos;
				SWIFT_OPTIMIZATION_LEVEL = "-Owholemodule";
				VALIDATE_PRODUCT = YES;
			};
			name = Release;
		};
		FA80B32A1EE754EF0049D8DE /* Debug */ = {
			isa = XCBuildConfiguration;
			buildSettings = {
				ASSETCATALOG_COMPILER_APPICON_NAME = AppIcon;
				DEVELOPMENT_TEAM = C3MYKPZK6A;
				INFOPLIST_FILE = MLTest/Info.plist;
				LD_RUNPATH_SEARCH_PATHS = "$(inherited) @executable_path/Frameworks";
				PRODUCT_BUNDLE_IDENTIFIER = com.ConiferApps.MLTest;
				PRODUCT_NAME = "$(TARGET_NAME)";
				SWIFT_VERSION = 4.0;
				TARGETED_DEVICE_FAMILY = "1,2";
			};
			name = Debug;
		};
		FA80B32B1EE754EF0049D8DE /* Release */ = {
			isa = XCBuildConfiguration;
			buildSettings = {
				ASSETCATALOG_COMPILER_APPICON_NAME = AppIcon;
				DEVELOPMENT_TEAM = C3MYKPZK6A;
				INFOPLIST_FILE = MLTest/Info.plist;
				LD_RUNPATH_SEARCH_PATHS = "$(inherited) @executable_path/Frameworks";
				PRODUCT_BUNDLE_IDENTIFIER = com.ConiferApps.MLTest;
				PRODUCT_NAME = "$(TARGET_NAME)";
				SWIFT_VERSION = 4.0;
				TARGETED_DEVICE_FAMILY = "1,2";
			};
			name = Release;
		};
/* End XCBuildConfiguration section */

/* Begin XCConfigurationList section */
		FA80B3121EE754EF0049D8DE /* Build configuration list for PBXProject "MLTest" */ = {
			isa = XCConfigurationList;
			buildConfigurations = (
				FA80B3271EE754EF0049D8DE /* Debug */,
				FA80B3281EE754EF0049D8DE /* Release */,
			);
			defaultConfigurationIsVisible = 0;
			defaultConfigurationName = Release;
		};
		FA80B3291EE754EF0049D8DE /* Build configuration list for PBXNativeTarget "MLTest" */ = {
			isa = XCConfigurationList;
			buildConfigurations = (
				FA80B32A1EE754EF0049D8DE /* Debug */,
				FA80B32B1EE754EF0049D8DE /* Release */,
			);
			defaultConfigurationIsVisible = 0;
			defaultConfigurationName = Release;
		};
/* End XCConfigurationList section */
	};
	rootObject = FA80B30F1EE754EF0049D8DE /* Project object */;
}
